
Microsoft Visual Studio Solution File, Format Version 12.00
# Visual Studio Version 17
VisualStudioVersion = 17.7.34031.279
MinimumVisualStudioVersion = 10.0.40219.1
Project("{FAE04EC0-301F-11D3-BF4B-00C04F79EFBC}") = "WinformApp", "WinformApp.csproj", "{7C522B9F-0ECA-48DD-A5A2-8E3B2419B918}"
EndProject
Project("{FAE04EC0-301F-11D3-BF4B-00C04F79EFBC}") = "Dominio", "..\Dominio\Dominio.csproj", "{3F62F4D0-F994-4235-84AE-C8DF4E122D69}"
EndProject
Project("{FAE04EC0-301F-11D3-BF4B-00C04F79EFBC}") = "Negocio", "..\Negocio\Negocio.csproj", "{1434094B-06D8-49D1-9326-BB931FE66017}"
EndProject
Global
	GlobalSection(SolutionConfigurationPlatforms) = preSolution
		Debug|Any CPU = Debug|Any CPU
		Release|Any CPU = Release|Any CPU
	EndGlobalSection
	GlobalSection(ProjectConfigurationPlatforms) = postSolution
		{7C522B9F-0ECA-48DD-A5A2-8E3B2419B918}.Debug|Any CPU.ActiveCfg = Debug|Any CPU
		{7C522B9F-0ECA-48DD-A5A2-8E3B2419B918}.Debug|Any CPU.Build.0 = Debug|Any CPU
		{7C522B9F-0ECA-48DD-A5A2-8E3B2419B918}.Release|Any CPU.ActiveCfg = Release|Any CPU
		{7C522B9F-0ECA-48DD-A5A2-8E3B2419B918}.Release|Any CPU.Build.0 = Release|Any CPU
		{3F62F4D0-F994-4235-84AE-C8DF4E122D69}.Debug|Any CPU.ActiveCfg = Debug|Any CPU
		{3F62F4D0-F994-4235-84AE-C8DF4E122D69}.Debug|Any CPU.Build.0 = Debug|Any CPU
		{3F62F4D0-F994-4235-84AE-C8DF4E122D69}.Release|Any CPU.ActiveCfg = Release|Any CPU
		{3F62F4D0-F994-4235-84AE-C8DF4E122D69}.Release|Any CPU.Build.0 = Release|Any CPU
		{1434094B-06D8-49D1-9326-BB931FE66017}.Debug|Any CPU.ActiveCfg = Debug|Any CPU
		{1434094B-06D8-49D1-9326-BB931FE66017}.Debug|Any CPU.Build.0 = Debug|Any CPU
		{1434094B-06D8-49D1-9326-BB931FE66017}.Release|Any CPU.ActiveCfg = Release|Any CPU
		{1434094B-06D8-49D1-9326-BB931FE66017}.Release|Any CPU.Build.0 = Release|Any CPU
	EndGlobalSection
	GlobalSection(SolutionProperties) = preSolution
		HideSolutionNode = FALSE
	EndGlobalSection
	GlobalSection(ExtensibilityGlobals) = postSolution
		SolutionGuid = {2119142C-A5B4-4FB5-9621-EF0FD424F268}
	EndGlobalSection
EndGlobal
